
Microsoft Visual Studio Solution File, Format Version 12.00
# Visual Studio Version 17
VisualStudioVersion = 17.7.34024.191
MinimumVisualStudioVersion = 10.0.40219.1
Project("{FAE04EC0-301F-11D3-BF4B-00C04F79EFBC}") = "Laba6", "Laba6.csproj", "{282CFAFF-A6EC-4127-9C63-D6FFBB67B2AB}"
EndProject
Global
	GlobalSection(SolutionConfigurationPlatforms) = preSolution
		Debug|Any CPU = Debug|Any CPU
		Release|Any CPU = Release|Any CPU
	EndGlobalSection
	GlobalSection(ProjectConfigurationPlatforms) = postSolution
		{282CFAFF-A6EC-4127-9C63-D6FFBB67B2AB}.Debug|Any CPU.ActiveCfg = Debug|Any CPU
		{282CFAFF-A6EC-4127-9C63-D6FFBB67B2AB}.Debug|Any CPU.Build.0 = Debug|Any CPU
		{282CFAFF-A6EC-4127-9C63-D6FFBB67B2AB}.Release|Any CPU.ActiveCfg = Release|Any CPU
		{282CFAFF-A6EC-4127-9C63-D6FFBB67B2AB}.Release|Any CPU.Build.0 = Release|Any CPU
	EndGlobalSection
	GlobalSection(SolutionProperties) = preSolution
		HideSolutionNode = FALSE
	EndGlobalSection
	GlobalSection(ExtensibilityGlobals) = postSolution
		SolutionGuid = {76FD4841-CBB6-40DE-8EAF-FC1CD7551BB7}
	EndGlobalSection
EndGlobal
